{
  "name": "standalone",
  "version": "1.0.0",
  "lockfileVersion": 3,
  "requires": true,
  "packages": {
    "": {
      "name": "standalone",
      "version": "1.0.0",
      "license": "ISC",
      "dependencies": {
        "libavoid-js": "^0.4.2"
      }
    },
    "node_modules/libavoid-js": {
      "version": "0.4.2",
      "resolved": "https://registry.npmjs.org/libavoid-js/-/libavoid-js-0.4.2.tgz",
      "integrity": "sha512-HI3Y5d+y//eAj7m/4ftHnVYpx/cOq7HNhKjiESW/vZIFg5fkV1hGXx3Ftov3v0gcVICxUvyIb3h8YgYOt2Ephw=="
    }
  }
}
